
Microsoft Visual Studio Solution File, Format Version 12.00
# Visual Studio Version 16
VisualStudioVersion = 16.0.31005.135
MinimumVisualStudioVersion = 10.0.40219.1
Project("{FAE04EC0-301F-11D3-BF4B-00C04F79EFBC}") = "Practice01", "Practice01\Practice01.csproj", "{7989C133-B5BA-4287-A903-490698D219A5}"
EndProject
Project("{FAE04EC0-301F-11D3-BF4B-00C04F79EFBC}") = "Practice02", "Practice02\Practice02.csproj", "{6ACBF679-07D4-42B4-A1DE-88F15D699847}"
EndProject
Global
	GlobalSection(SolutionConfigurationPlatforms) = preSolution
		Debug|Any CPU = Debug|Any CPU
		Release|Any CPU = Release|Any CPU
	EndGlobalSection
	GlobalSection(ProjectConfigurationPlatforms) = postSolution
		{7989C133-B5BA-4287-A903-490698D219A5}.Debug|Any CPU.ActiveCfg = Debug|Any CPU
		{7989C133-B5BA-4287-A903-490698D219A5}.Debug|Any CPU.Build.0 = Debug|Any CPU
		{7989C133-B5BA-4287-A903-490698D219A5}.Release|Any CPU.ActiveCfg = Release|Any CPU
		{7989C133-B5BA-4287-A903-490698D219A5}.Release|Any CPU.Build.0 = Release|Any CPU
		{6ACBF679-07D4-42B4-A1DE-88F15D699847}.Debug|Any CPU.ActiveCfg = Debug|Any CPU
		{6ACBF679-07D4-42B4-A1DE-88F15D699847}.Debug|Any CPU.Build.0 = Debug|Any CPU
		{6ACBF679-07D4-42B4-A1DE-88F15D699847}.Release|Any CPU.ActiveCfg = Release|Any CPU
		{6ACBF679-07D4-42B4-A1DE-88F15D699847}.Release|Any CPU.Build.0 = Release|Any CPU
	EndGlobalSection
	GlobalSection(SolutionProperties) = preSolution
		HideSolutionNode = FALSE
	EndGlobalSection
	GlobalSection(ExtensibilityGlobals) = postSolution
		SolutionGuid = {EE027349-D0AC-4B9D-A905-D36EDD491706}
	EndGlobalSection
EndGlobal
