
Microsoft Visual Studio Solution File, Format Version 12.00
# Visual Studio Version 16
VisualStudioVersion = 16.0.31005.135
MinimumVisualStudioVersion = 10.0.40219.1
Project("{FAE04EC0-301F-11D3-BF4B-00C04F79EFBC}") = "Practice01", "Practice01\Practice01.csproj", "{7989C133-B5BA-4287-A903-490698D219A5}"
EndProject
Project("{FAE04EC0-301F-11D3-BF4B-00C04F79EFBC}") = "Practice02", "Practice02\Practice02.csproj", "{6ACBF679-07D4-42B4-A1DE-88F15D699847}"
EndProject
Project("{FAE04EC0-301F-11D3-BF4B-00C04F79EFBC}") = "Practice02_1", "Practice02_1\Practice02_1.csproj", "{5A9975B6-6AE8-45EE-A16F-6D14E49E11C9}"
EndProject
Project("{FAE04EC0-301F-11D3-BF4B-00C04F79EFBC}") = "Practice03", "Practice03\Practice03.csproj", "{274EC3F1-5D1E-417B-9EA8-9922BE532105}"
EndProject
Project("{FAE04EC0-301F-11D3-BF4B-00C04F79EFBC}") = "Practice04", "Practice04\Practice04.csproj", "{09BB05C0-A85B-4E64-8998-36D51CD98250}"
EndProject
Project("{FAE04EC0-301F-11D3-BF4B-00C04F79EFBC}") = "Practice05", "Practice05\Practice05.csproj", "{A671B695-1616-4B17-AA17-A9867DA72DE4}"
EndProject
Project("{FAE04EC0-301F-11D3-BF4B-00C04F79EFBC}") = "Practice06", "Practice06\Practice06.csproj", "{40BF0E78-92E5-411C-849E-B25A68CBF8A5}"
EndProject
Project("{FAE04EC0-301F-11D3-BF4B-00C04F79EFBC}") = "Practice07", "Practice07\Practice07.csproj", "{8276EB40-1FED-4E01-AD21-041A01EBC10B}"
EndProject
Project("{FAE04EC0-301F-11D3-BF4B-00C04F79EFBC}") = "Practice08", "Practice08\Practice08.csproj", "{E1FDFA9E-8448-414E-9FFB-FD2D978490BC}"
EndProject
Project("{FAE04EC0-301F-11D3-BF4B-00C04F79EFBC}") = "Practice08_1", "Practice08_1\Practice08_1.csproj", "{F300B198-B8E7-4234-B018-9DCE2878D362}"
EndProject
Project("{FAE04EC0-301F-11D3-BF4B-00C04F79EFBC}") = "Practice09", "Practice09\Practice09.csproj", "{EC89EB03-1C64-421B-976B-2DCF86C3F633}"
EndProject
Project("{FAE04EC0-301F-11D3-BF4B-00C04F79EFBC}") = "Practice10", "Practice10\Practice10.csproj", "{24209BBA-2AC5-42E8-BDD7-8B751463CA6D}"
EndProject
Project("{FAE04EC0-301F-11D3-BF4B-00C04F79EFBC}") = "Practice10_1", "Practice10_1\Practice10_1.csproj", "{8EAAA83A-E707-4324-AF91-6E011D6B2937}"
EndProject
Project("{FAE04EC0-301F-11D3-BF4B-00C04F79EFBC}") = "Practice10_2", "Practice10_2\Practice10_2.csproj", "{43F2C62B-3AFF-4A00-A5A3-1058C3CA232A}"
EndProject
Project("{FAE04EC0-301F-11D3-BF4B-00C04F79EFBC}") = "Practice10_3", "Practice10_3\Practice10_3.csproj", "{8A279F39-D7E1-4A6C-BF70-C46DC98B2A5C}"
EndProject
Project("{FAE04EC0-301F-11D3-BF4B-00C04F79EFBC}") = "Practice10_4", "Practice10_4\Practice10_4.csproj", "{2AABBFA7-D8A3-44B9-B617-96598F9B34FD}"
EndProject
Project("{FAE04EC0-301F-11D3-BF4B-00C04F79EFBC}") = "Practice10_5", "Practice10_5\Practice10_5.csproj", "{1F3259D3-4F84-4CBD-A376-221BBF997BA8}"
EndProject
Project("{FAE04EC0-301F-11D3-BF4B-00C04F79EFBC}") = "Practice10_6", "Practice10_6\Practice10_6.csproj", "{FE6BD22E-7972-4FE3-A832-F4E7C050295C}"
EndProject
Project("{FAE04EC0-301F-11D3-BF4B-00C04F79EFBC}") = "Practice10_7", "Practice10_7\Practice10_7.csproj", "{F5B319FB-1D34-4945-AABD-B30DD1AC0E61}"
EndProject
Project("{FAE04EC0-301F-11D3-BF4B-00C04F79EFBC}") = "Practice11", "Practice11\Practice11.csproj", "{5F9C88A9-98B8-45E3-AD17-25D76CBFA3DB}"
EndProject
Project("{FAE04EC0-301F-11D3-BF4B-00C04F79EFBC}") = "Practice11_1", "Practice11_1\Practice11_1.csproj", "{59FE95F2-A90A-4576-B068-3748BFD3A67D}"
EndProject
Project("{FAE04EC0-301F-11D3-BF4B-00C04F79EFBC}") = "Practice11_2", "Practice11_2\Practice11_2.csproj", "{34BD6C4F-5BEB-47BA-9A98-97C6056CE7EB}"
EndProject
Project("{FAE04EC0-301F-11D3-BF4B-00C04F79EFBC}") = "Practice11_3", "Practice11_3\Practice11_3.csproj", "{E3002468-D150-4FC7-9C58-0DC1215FE964}"
EndProject
Project("{FAE04EC0-301F-11D3-BF4B-00C04F79EFBC}") = "Practice11_4", "Practice11_4\Practice11_4.csproj", "{28CAAA85-F081-41F7-A536-2B1428561F19}"
EndProject
Project("{FAE04EC0-301F-11D3-BF4B-00C04F79EFBC}") = "Practice11_5", "Practice11_5\Practice11_5.csproj", "{88F4BB6F-966B-4904-8564-8A45FFE019DF}"
EndProject
Project("{FAE04EC0-301F-11D3-BF4B-00C04F79EFBC}") = "Practice12", "Practice12\Practice12.csproj", "{87DEE11C-D227-41D8-A1F4-DFE41836DDED}"
EndProject
Project("{FAE04EC0-301F-11D3-BF4B-00C04F79EFBC}") = "Practice12_1", "Practice12_1\Practice12_1.csproj", "{38FD8451-3170-42D8-B180-12CB6E027DA2}"
EndProject
Project("{FAE04EC0-301F-11D3-BF4B-00C04F79EFBC}") = "Practice12_2", "Practice12_2\Practice12_2.csproj", "{B2CB19F1-6D22-4BEE-BF40-06A765FF5CE4}"
EndProject
Project("{FAE04EC0-301F-11D3-BF4B-00C04F79EFBC}") = "Practice12_3", "Practice12_3\Practice12_3.csproj", "{A8696590-0506-428D-B72D-2BFF7E074D7D}"
EndProject
Project("{FAE04EC0-301F-11D3-BF4B-00C04F79EFBC}") = "Practice12_4", "Practice12_4\Practice12_4.csproj", "{6E35ADE4-4793-4615-A9BD-E34472A241A3}"
EndProject
Global
	GlobalSection(SolutionConfigurationPlatforms) = preSolution
		Debug|Any CPU = Debug|Any CPU
		Release|Any CPU = Release|Any CPU
	EndGlobalSection
	GlobalSection(ProjectConfigurationPlatforms) = postSolution
		{7989C133-B5BA-4287-A903-490698D219A5}.Debug|Any CPU.ActiveCfg = Debug|Any CPU
		{7989C133-B5BA-4287-A903-490698D219A5}.Debug|Any CPU.Build.0 = Debug|Any CPU
		{7989C133-B5BA-4287-A903-490698D219A5}.Release|Any CPU.ActiveCfg = Release|Any CPU
		{7989C133-B5BA-4287-A903-490698D219A5}.Release|Any CPU.Build.0 = Release|Any CPU
		{6ACBF679-07D4-42B4-A1DE-88F15D699847}.Debug|Any CPU.ActiveCfg = Debug|Any CPU
		{6ACBF679-07D4-42B4-A1DE-88F15D699847}.Debug|Any CPU.Build.0 = Debug|Any CPU
		{6ACBF679-07D4-42B4-A1DE-88F15D699847}.Release|Any CPU.ActiveCfg = Release|Any CPU
		{6ACBF679-07D4-42B4-A1DE-88F15D699847}.Release|Any CPU.Build.0 = Release|Any CPU
		{5A9975B6-6AE8-45EE-A16F-6D14E49E11C9}.Debug|Any CPU.ActiveCfg = Debug|Any CPU
		{5A9975B6-6AE8-45EE-A16F-6D14E49E11C9}.Debug|Any CPU.Build.0 = Debug|Any CPU
		{5A9975B6-6AE8-45EE-A16F-6D14E49E11C9}.Release|Any CPU.ActiveCfg = Release|Any CPU
		{5A9975B6-6AE8-45EE-A16F-6D14E49E11C9}.Release|Any CPU.Build.0 = Release|Any CPU
		{274EC3F1-5D1E-417B-9EA8-9922BE532105}.Debug|Any CPU.ActiveCfg = Debug|Any CPU
		{274EC3F1-5D1E-417B-9EA8-9922BE532105}.Debug|Any CPU.Build.0 = Debug|Any CPU
		{274EC3F1-5D1E-417B-9EA8-9922BE532105}.Release|Any CPU.ActiveCfg = Release|Any CPU
		{274EC3F1-5D1E-417B-9EA8-9922BE532105}.Release|Any CPU.Build.0 = Release|Any CPU
		{09BB05C0-A85B-4E64-8998-36D51CD98250}.Debug|Any CPU.ActiveCfg = Debug|Any CPU
		{09BB05C0-A85B-4E64-8998-36D51CD98250}.Debug|Any CPU.Build.0 = Debug|Any CPU
		{09BB05C0-A85B-4E64-8998-36D51CD98250}.Release|Any CPU.ActiveCfg = Release|Any CPU
		{09BB05C0-A85B-4E64-8998-36D51CD98250}.Release|Any CPU.Build.0 = Release|Any CPU
		{A671B695-1616-4B17-AA17-A9867DA72DE4}.Debug|Any CPU.ActiveCfg = Debug|Any CPU
		{A671B695-1616-4B17-AA17-A9867DA72DE4}.Debug|Any CPU.Build.0 = Debug|Any CPU
		{A671B695-1616-4B17-AA17-A9867DA72DE4}.Release|Any CPU.ActiveCfg = Release|Any CPU
		{A671B695-1616-4B17-AA17-A9867DA72DE4}.Release|Any CPU.Build.0 = Release|Any CPU
		{40BF0E78-92E5-411C-849E-B25A68CBF8A5}.Debug|Any CPU.ActiveCfg = Debug|Any CPU
		{40BF0E78-92E5-411C-849E-B25A68CBF8A5}.Debug|Any CPU.Build.0 = Debug|Any CPU
		{40BF0E78-92E5-411C-849E-B25A68CBF8A5}.Release|Any CPU.ActiveCfg = Release|Any CPU
		{40BF0E78-92E5-411C-849E-B25A68CBF8A5}.Release|Any CPU.Build.0 = Release|Any CPU
		{8276EB40-1FED-4E01-AD21-041A01EBC10B}.Debug|Any CPU.ActiveCfg = Debug|Any CPU
		{8276EB40-1FED-4E01-AD21-041A01EBC10B}.Debug|Any CPU.Build.0 = Debug|Any CPU
		{8276EB40-1FED-4E01-AD21-041A01EBC10B}.Release|Any CPU.ActiveCfg = Release|Any CPU
		{8276EB40-1FED-4E01-AD21-041A01EBC10B}.Release|Any CPU.Build.0 = Release|Any CPU
		{E1FDFA9E-8448-414E-9FFB-FD2D978490BC}.Debug|Any CPU.ActiveCfg = Debug|Any CPU
		{E1FDFA9E-8448-414E-9FFB-FD2D978490BC}.Debug|Any CPU.Build.0 = Debug|Any CPU
		{E1FDFA9E-8448-414E-9FFB-FD2D978490BC}.Release|Any CPU.ActiveCfg = Release|Any CPU
		{E1FDFA9E-8448-414E-9FFB-FD2D978490BC}.Release|Any CPU.Build.0 = Release|Any CPU
		{F300B198-B8E7-4234-B018-9DCE2878D362}.Debug|Any CPU.ActiveCfg = Debug|Any CPU
		{F300B198-B8E7-4234-B018-9DCE2878D362}.Debug|Any CPU.Build.0 = Debug|Any CPU
		{F300B198-B8E7-4234-B018-9DCE2878D362}.Release|Any CPU.ActiveCfg = Release|Any CPU
		{F300B198-B8E7-4234-B018-9DCE2878D362}.Release|Any CPU.Build.0 = Release|Any CPU
		{EC89EB03-1C64-421B-976B-2DCF86C3F633}.Debug|Any CPU.ActiveCfg = Debug|Any CPU
		{EC89EB03-1C64-421B-976B-2DCF86C3F633}.Debug|Any CPU.Build.0 = Debug|Any CPU
		{EC89EB03-1C64-421B-976B-2DCF86C3F633}.Release|Any CPU.ActiveCfg = Release|Any CPU
		{EC89EB03-1C64-421B-976B-2DCF86C3F633}.Release|Any CPU.Build.0 = Release|Any CPU
		{24209BBA-2AC5-42E8-BDD7-8B751463CA6D}.Debug|Any CPU.ActiveCfg = Debug|Any CPU
		{24209BBA-2AC5-42E8-BDD7-8B751463CA6D}.Debug|Any CPU.Build.0 = Debug|Any CPU
		{24209BBA-2AC5-42E8-BDD7-8B751463CA6D}.Release|Any CPU.ActiveCfg = Release|Any CPU
		{24209BBA-2AC5-42E8-BDD7-8B751463CA6D}.Release|Any CPU.Build.0 = Release|Any CPU
		{8EAAA83A-E707-4324-AF91-6E011D6B2937}.Debug|Any CPU.ActiveCfg = Debug|Any CPU
		{8EAAA83A-E707-4324-AF91-6E011D6B2937}.Debug|Any CPU.Build.0 = Debug|Any CPU
		{8EAAA83A-E707-4324-AF91-6E011D6B2937}.Release|Any CPU.ActiveCfg = Release|Any CPU
		{8EAAA83A-E707-4324-AF91-6E011D6B2937}.Release|Any CPU.Build.0 = Release|Any CPU
		{43F2C62B-3AFF-4A00-A5A3-1058C3CA232A}.Debug|Any CPU.ActiveCfg = Debug|Any CPU
		{43F2C62B-3AFF-4A00-A5A3-1058C3CA232A}.Debug|Any CPU.Build.0 = Debug|Any CPU
		{43F2C62B-3AFF-4A00-A5A3-1058C3CA232A}.Release|Any CPU.ActiveCfg = Release|Any CPU
		{43F2C62B-3AFF-4A00-A5A3-1058C3CA232A}.Release|Any CPU.Build.0 = Release|Any CPU
		{8A279F39-D7E1-4A6C-BF70-C46DC98B2A5C}.Debug|Any CPU.ActiveCfg = Debug|Any CPU
		{8A279F39-D7E1-4A6C-BF70-C46DC98B2A5C}.Debug|Any CPU.Build.0 = Debug|Any CPU
		{8A279F39-D7E1-4A6C-BF70-C46DC98B2A5C}.Release|Any CPU.ActiveCfg = Release|Any CPU
		{8A279F39-D7E1-4A6C-BF70-C46DC98B2A5C}.Release|Any CPU.Build.0 = Release|Any CPU
		{2AABBFA7-D8A3-44B9-B617-96598F9B34FD}.Debug|Any CPU.ActiveCfg = Debug|Any CPU
		{2AABBFA7-D8A3-44B9-B617-96598F9B34FD}.Debug|Any CPU.Build.0 = Debug|Any CPU
		{2AABBFA7-D8A3-44B9-B617-96598F9B34FD}.Release|Any CPU.ActiveCfg = Release|Any CPU
		{2AABBFA7-D8A3-44B9-B617-96598F9B34FD}.Release|Any CPU.Build.0 = Release|Any CPU
		{1F3259D3-4F84-4CBD-A376-221BBF997BA8}.Debug|Any CPU.ActiveCfg = Debug|Any CPU
		{1F3259D3-4F84-4CBD-A376-221BBF997BA8}.Debug|Any CPU.Build.0 = Debug|Any CPU
		{1F3259D3-4F84-4CBD-A376-221BBF997BA8}.Release|Any CPU.ActiveCfg = Release|Any CPU
		{1F3259D3-4F84-4CBD-A376-221BBF997BA8}.Release|Any CPU.Build.0 = Release|Any CPU
		{FE6BD22E-7972-4FE3-A832-F4E7C050295C}.Debug|Any CPU.ActiveCfg = Debug|Any CPU
		{FE6BD22E-7972-4FE3-A832-F4E7C050295C}.Debug|Any CPU.Build.0 = Debug|Any CPU
		{FE6BD22E-7972-4FE3-A832-F4E7C050295C}.Release|Any CPU.ActiveCfg = Release|Any CPU
		{FE6BD22E-7972-4FE3-A832-F4E7C050295C}.Release|Any CPU.Build.0 = Release|Any CPU
		{F5B319FB-1D34-4945-AABD-B30DD1AC0E61}.Debug|Any CPU.ActiveCfg = Debug|Any CPU
		{F5B319FB-1D34-4945-AABD-B30DD1AC0E61}.Debug|Any CPU.Build.0 = Debug|Any CPU
		{F5B319FB-1D34-4945-AABD-B30DD1AC0E61}.Release|Any CPU.ActiveCfg = Release|Any CPU
		{F5B319FB-1D34-4945-AABD-B30DD1AC0E61}.Release|Any CPU.Build.0 = Release|Any CPU
		{5F9C88A9-98B8-45E3-AD17-25D76CBFA3DB}.Debug|Any CPU.ActiveCfg = Debug|Any CPU
		{5F9C88A9-98B8-45E3-AD17-25D76CBFA3DB}.Debug|Any CPU.Build.0 = Debug|Any CPU
		{5F9C88A9-98B8-45E3-AD17-25D76CBFA3DB}.Release|Any CPU.ActiveCfg = Release|Any CPU
		{5F9C88A9-98B8-45E3-AD17-25D76CBFA3DB}.Release|Any CPU.Build.0 = Release|Any CPU
		{59FE95F2-A90A-4576-B068-3748BFD3A67D}.Debug|Any CPU.ActiveCfg = Debug|Any CPU
		{59FE95F2-A90A-4576-B068-3748BFD3A67D}.Debug|Any CPU.Build.0 = Debug|Any CPU
		{59FE95F2-A90A-4576-B068-3748BFD3A67D}.Release|Any CPU.ActiveCfg = Release|Any CPU
		{59FE95F2-A90A-4576-B068-3748BFD3A67D}.Release|Any CPU.Build.0 = Release|Any CPU
		{34BD6C4F-5BEB-47BA-9A98-97C6056CE7EB}.Debug|Any CPU.ActiveCfg = Debug|Any CPU
		{34BD6C4F-5BEB-47BA-9A98-97C6056CE7EB}.Debug|Any CPU.Build.0 = Debug|Any CPU
		{34BD6C4F-5BEB-47BA-9A98-97C6056CE7EB}.Release|Any CPU.ActiveCfg = Release|Any CPU
		{34BD6C4F-5BEB-47BA-9A98-97C6056CE7EB}.Release|Any CPU.Build.0 = Release|Any CPU
		{E3002468-D150-4FC7-9C58-0DC1215FE964}.Debug|Any CPU.ActiveCfg = Debug|Any CPU
		{E3002468-D150-4FC7-9C58-0DC1215FE964}.Debug|Any CPU.Build.0 = Debug|Any CPU
		{E3002468-D150-4FC7-9C58-0DC1215FE964}.Release|Any CPU.ActiveCfg = Release|Any CPU
		{E3002468-D150-4FC7-9C58-0DC1215FE964}.Release|Any CPU.Build.0 = Release|Any CPU
		{28CAAA85-F081-41F7-A536-2B1428561F19}.Debug|Any CPU.ActiveCfg = Debug|Any CPU
		{28CAAA85-F081-41F7-A536-2B1428561F19}.Debug|Any CPU.Build.0 = Debug|Any CPU
		{28CAAA85-F081-41F7-A536-2B1428561F19}.Release|Any CPU.ActiveCfg = Release|Any CPU
		{28CAAA85-F081-41F7-A536-2B1428561F19}.Release|Any CPU.Build.0 = Release|Any CPU
		{88F4BB6F-966B-4904-8564-8A45FFE019DF}.Debug|Any CPU.ActiveCfg = Debug|Any CPU
		{88F4BB6F-966B-4904-8564-8A45FFE019DF}.Debug|Any CPU.Build.0 = Debug|Any CPU
		{88F4BB6F-966B-4904-8564-8A45FFE019DF}.Release|Any CPU.ActiveCfg = Release|Any CPU
		{88F4BB6F-966B-4904-8564-8A45FFE019DF}.Release|Any CPU.Build.0 = Release|Any CPU
		{87DEE11C-D227-41D8-A1F4-DFE41836DDED}.Debug|Any CPU.ActiveCfg = Debug|Any CPU
		{87DEE11C-D227-41D8-A1F4-DFE41836DDED}.Debug|Any CPU.Build.0 = Debug|Any CPU
		{87DEE11C-D227-41D8-A1F4-DFE41836DDED}.Release|Any CPU.ActiveCfg = Release|Any CPU
		{87DEE11C-D227-41D8-A1F4-DFE41836DDED}.Release|Any CPU.Build.0 = Release|Any CPU
		{38FD8451-3170-42D8-B180-12CB6E027DA2}.Debug|Any CPU.ActiveCfg = Debug|Any CPU
		{38FD8451-3170-42D8-B180-12CB6E027DA2}.Debug|Any CPU.Build.0 = Debug|Any CPU
		{38FD8451-3170-42D8-B180-12CB6E027DA2}.Release|Any CPU.ActiveCfg = Release|Any CPU
		{38FD8451-3170-42D8-B180-12CB6E027DA2}.Release|Any CPU.Build.0 = Release|Any CPU
		{B2CB19F1-6D22-4BEE-BF40-06A765FF5CE4}.Debug|Any CPU.ActiveCfg = Debug|Any CPU
		{B2CB19F1-6D22-4BEE-BF40-06A765FF5CE4}.Debug|Any CPU.Build.0 = Debug|Any CPU
		{B2CB19F1-6D22-4BEE-BF40-06A765FF5CE4}.Release|Any CPU.ActiveCfg = Release|Any CPU
		{B2CB19F1-6D22-4BEE-BF40-06A765FF5CE4}.Release|Any CPU.Build.0 = Release|Any CPU
		{A8696590-0506-428D-B72D-2BFF7E074D7D}.Debug|Any CPU.ActiveCfg = Debug|Any CPU
		{A8696590-0506-428D-B72D-2BFF7E074D7D}.Debug|Any CPU.Build.0 = Debug|Any CPU
		{A8696590-0506-428D-B72D-2BFF7E074D7D}.Release|Any CPU.ActiveCfg = Release|Any CPU
		{A8696590-0506-428D-B72D-2BFF7E074D7D}.Release|Any CPU.Build.0 = Release|Any CPU
		{6E35ADE4-4793-4615-A9BD-E34472A241A3}.Debug|Any CPU.ActiveCfg = Debug|Any CPU
		{6E35ADE4-4793-4615-A9BD-E34472A241A3}.Debug|Any CPU.Build.0 = Debug|Any CPU
		{6E35ADE4-4793-4615-A9BD-E34472A241A3}.Release|Any CPU.ActiveCfg = Release|Any CPU
		{6E35ADE4-4793-4615-A9BD-E34472A241A3}.Release|Any CPU.Build.0 = Release|Any CPU
	EndGlobalSection
	GlobalSection(SolutionProperties) = preSolution
		HideSolutionNode = FALSE
	EndGlobalSection
	GlobalSection(ExtensibilityGlobals) = postSolution
		SolutionGuid = {EE027349-D0AC-4B9D-A905-D36EDD491706}
	EndGlobalSection
EndGlobal
